
Microsoft Visual Studio Solution File, Format Version 12.00
# Visual Studio Version 17
VisualStudioVersion = 17.8.34309.116
MinimumVisualStudioVersion = 10.0.40219.1
Project("{9A19103F-16F7-4668-BE54-9A1E7A4F7556}") = "TaskManagement.Domain", "src\TaskManagement.Domain\TaskManagement.Domain.csproj", "{1A1E1E1E-1E1E-1E1E-1E1E-1E1E1E1E1E1E}"
EndProject
Project("{9A19103F-16F7-4668-BE54-9A1E7A4F7556}") = "TaskManagement.Shared", "src\TaskManagement.Shared\TaskManagement.Shared.csproj", "{2B2E2E2E-2E2E-2E2E-2E2E-2E2E2E2E2E2E}"
EndProject
Project("{9A19103F-16F7-4668-BE54-9A1E7A4F7556}") = "TaskManagement.Application", "src\TaskManagement.Application\TaskManagement.Application.csproj", "{3C3E3E3E-3E3E-3E3E-3E3E-3E3E3E3E3E3E}"
EndProject
Project("{9A19103F-16F7-4668-BE54-9A1E7A4F7556}") = "TaskManagement.Infrastructure", "src\TaskManagement.Infrastructure\TaskManagement.Infrastructure.csproj", "{4D4E4E4E-4E4E-4E4E-4E4E-4E4E4E4E4E4E}"
EndProject
Project("{9A19103F-16F7-4668-BE54-9A1E7A4F7556}") = "TaskManagement.API", "src\TaskManagement.API\TaskManagement.API.csproj", "{5E5E5E5E-5E5E-5E5E-5E5E-5E5E5E5E5E5E}"
EndProject
Project("{9A19103F-16F7-4668-BE54-9A1E7A4F7556}") = "TaskManagement.Web", "src\TaskManagement.Web\TaskManagement.Web.csproj", "{6F6F6F6F-6F6F-6F6F-6F6F-6F6F6F6F6F6F}"
EndProject
Project("{9A19103F-16F7-4668-BE54-9A1E7A4F7556}") = "TaskManagement.UnitTests", "tests\TaskManagement.UnitTests\TaskManagement.UnitTests.csproj", "{7A7A7A7A-7A7A-7A7A-7A7A-7A7A7A7A7A7A}"
EndProject
Project("{9A19103F-16F7-4668-BE54-9A1E7A4F7556}") = "TaskManagement.IntegrationTests", "tests\TaskManagement.IntegrationTests\TaskManagement.IntegrationTests.csproj", "{8B8B8B8B-8B8B-8B8B-8B8B-8B8B8B8B8B8B}"
EndProject
Global
	GlobalSection(SolutionConfigurationPlatforms) = preSolution
		Debug|Any CPU = Debug|Any CPU
		Release|Any CPU = Release|Any CPU
	EndGlobalSection
	GlobalSection(ProjectConfigurationPlatforms) = postSolution
		{1A1E1E1E-1E1E-1E1E-1E1E-1E1E1E1E1E1E}.Debug|Any CPU.ActiveCfg = Debug|Any CPU
		{1A1E1E1E-1E1E-1E1E-1E1E-1E1E1E1E1E1E}.Debug|Any CPU.Build.0 = Debug|Any CPU
		{1A1E1E1E-1E1E-1E1E-1E1E-1E1E1E1E1E1E}.Release|Any CPU.ActiveCfg = Release|Any CPU
		{1A1E1E1E-1E1E-1E1E-1E1E-1E1E1E1E1E1E}.Release|Any CPU.Build.0 = Release|Any CPU
		{2B2E2E2E-2E2E-2E2E-2E2E-2E2E2E2E2E2E}.Debug|Any CPU.ActiveCfg = Debug|Any CPU
		{2B2E2E2E-2E2E-2E2E-2E2E-2E2E2E2E2E2E}.Debug|Any CPU.Build.0 = Debug|Any CPU
		{2B2E2E2E-2E2E-2E2E-2E2E-2E2E2E2E2E2E}.Release|Any CPU.ActiveCfg = Release|Any CPU
		{2B2E2E2E-2E2E-2E2E-2E2E-2E2E2E2E2E2E}.Release|Any CPU.Build.0 = Release|Any CPU
		{3C3E3E3E-3E3E-3E3E-3E3E-3E3E3E3E3E3E}.Debug|Any CPU.ActiveCfg = Debug|Any CPU
		{3C3E3E3E-3E3E-3E3E-3E3E-3E3E3E3E3E3E}.Debug|Any CPU.Build.0 = Debug|Any CPU
		{3C3E3E3E-3E3E-3E3E-3E3E-3E3E3E3E3E3E}.Release|Any CPU.ActiveCfg = Release|Any CPU
		{3C3E3E3E-3E3E-3E3E-3E3E-3E3E3E3E3E3E}.Release|Any CPU.Build.0 = Release|Any CPU
		{4D4E4E4E-4E4E-4E4E-4E4E-4E4E4E4E4E4E}.Debug|Any CPU.ActiveCfg = Debug|Any CPU
		{4D4E4E4E-4E4E-4E4E-4E4E-4E4E4E4E4E4E}.Debug|Any CPU.Build.0 = Debug|Any CPU
		{4D4E4E4E-4E4E-4E4E-4E4E-4E4E4E4E4E4E}.Release|Any CPU.ActiveCfg = Release|Any CPU
		{4D4E4E4E-4E4E-4E4E-4E4E-4E4E4E4E4E4E}.Release|Any CPU.Build.0 = Release|Any CPU
		{5E5E5E5E-5E5E-5E5E-5E5E-5E5E5E5E5E5E}.Debug|Any CPU.ActiveCfg = Debug|Any CPU
		{5E5E5E5E-5E5E-5E5E-5E5E-5E5E5E5E5E5E}.Debug|Any CPU.Build.0 = Debug|Any CPU
		{5E5E5E5E-5E5E-5E5E-5E5E-5E5E5E5E5E5E}.Release|Any CPU.ActiveCfg = Release|Any CPU
		{5E5E5E5E-5E5E-5E5E-5E5E-5E5E5E5E5E5E}.Release|Any CPU.Build.0 = Release|Any CPU
		{6F6F6F6F-6F6F-6F6F-6F6F-6F6F6F6F6F6F}.Debug|Any CPU.ActiveCfg = Debug|Any CPU
		{6F6F6F6F-6F6F-6F6F-6F6F-6F6F6F6F6F6F}.Debug|Any CPU.Build.0 = Debug|Any CPU
		{6F6F6F6F-6F6F-6F6F-6F6F-6F6F6F6F6F6F}.Release|Any CPU.ActiveCfg = Release|Any CPU
		{6F6F6F6F-6F6F-6F6F-6F6F-6F6F6F6F6F6F}.Release|Any CPU.Build.0 = Release|Any CPU
		{7A7A7A7A-7A7A-7A7A-7A7A-7A7A7A7A7A7A}.Debug|Any CPU.ActiveCfg = Debug|Any CPU
		{7A7A7A7A-7A7A-7A7A-7A7A-7A7A7A7A7A7A}.Debug|Any CPU.Build.0 = Debug|Any CPU
		{7A7A7A7A-7A7A-7A7A-7A7A-7A7A7A7A7A7A}.Release|Any CPU.ActiveCfg = Release|Any CPU
		{7A7A7A7A-7A7A-7A7A-7A7A-7A7A7A7A7A7A}.Release|Any CPU.Build.0 = Release|Any CPU
		{8B8B8B8B-8B8B-8B8B-8B8B-8B8B8B8B8B8B}.Debug|Any CPU.ActiveCfg = Debug|Any CPU
		{8B8B8B8B-8B8B-8B8B-8B8B-8B8B8B8B8B8B}.Debug|Any CPU.Build.0 = Debug|Any CPU
		{8B8B8B8B-8B8B-8B8B-8B8B-8B8B8B8B8B8B}.Release|Any CPU.ActiveCfg = Release|Any CPU
		{8B8B8B8B-8B8B-8B8B-8B8B-8B8B8B8B8B8B}.Release|Any CPU.Build.0 = Release|Any CPU
	EndGlobalSection
EndGlobal
